
Microsoft Visual Studio Solution File, Format Version 12.00
# Visual Studio Version 16
VisualStudioVersion = 16.0.31702.278
MinimumVisualStudioVersion = 10.0.40219.1
Project("{FAE04EC0-301F-11D3-BF4B-00C04F79EFBC}") = "shufr", "shufr\shufr.csproj", "{83F49927-59A0-4BE7-8199-63CDCBCDF4B1}"
EndProject
Global
	GlobalSection(SolutionConfigurationPlatforms) = preSolution
		Debug|Any CPU = Debug|Any CPU
		Release|Any CPU = Release|Any CPU
	EndGlobalSection
	GlobalSection(ProjectConfigurationPlatforms) = postSolution
		{83F49927-59A0-4BE7-8199-63CDCBCDF4B1}.Debug|Any CPU.ActiveCfg = Debug|Any CPU
		{83F49927-59A0-4BE7-8199-63CDCBCDF4B1}.Debug|Any CPU.Build.0 = Debug|Any CPU
		{83F49927-59A0-4BE7-8199-63CDCBCDF4B1}.Release|Any CPU.ActiveCfg = Release|Any CPU
		{83F49927-59A0-4BE7-8199-63CDCBCDF4B1}.Release|Any CPU.Build.0 = Release|Any CPU
	EndGlobalSection
	GlobalSection(SolutionProperties) = preSolution
		HideSolutionNode = FALSE
	EndGlobalSection
	GlobalSection(ExtensibilityGlobals) = postSolution
		SolutionGuid = {C5CC8202-75F3-42C5-81CE-46463621F4A6}
	EndGlobalSection
EndGlobal
